# THIS IS AN AUTOGENERATED FILE. DO NOT EDIT THIS FILE DIRECTLY.
# yarn lockfile v1


abab@^2.0.0:
  version "2.0.2"
  resolved "http://artifactory.eng.qops.net:8081/artifactory/api/npm/npm-virtual/abab/-/abab-2.0.2.tgz#a2fba1b122c69a85caa02d10f9270c7219709a9d"
  integrity sha1-ovuhsSLGmoXKoC0Q+ScMchlwmp0=

acorn-globals@^4.3.2:
  version "4.3.4"
  resolved "http://artifactory.eng.qops.net:8081/artifactory/api/npm/npm-virtual/acorn-globals/-/acorn-globals-4.3.4.tgz#9fa1926addc11c97308c4e66d7add0d40c3272e7"
  integrity sha1-n6GSat3BHJcwjE5m163Q1Awycuc=
  dependencies:
    acorn "^6.0.1"
    acorn-walk "^6.0.1"

acorn-walk@^6.0.1:
  version "6.2.0"
  resolved "http://artifactory.eng.qops.net:8081/artifactory/api/npm/npm-virtual/acorn-walk/-/acorn-walk-6.2.0.tgz#123cb8f3b84c2171f1f7fb252615b1c78a6b1a8c"
  integrity sha1-Ejy487hMIXHx9/slJhWxx4prGow=

acorn@^6.0.1:
  version "6.3.0"
  resolved "http://artifactory.eng.qops.net:8081/artifactory/api/npm/npm-virtual/acorn/-/acorn-6.3.0.tgz#0087509119ffa4fc0a0041d1e93a417e68cb856e"
  integrity sha1-AIdQkRn/pPwKAEHR6TpBfmjLhW4=

acorn@^7.1.0:
  version "7.1.0"
  resolved "http://artifactory.eng.qops.net:8081/artifactory/api/npm/npm-virtual/acorn/-/acorn-7.1.0.tgz#949d36f2c292535da602283586c2477c57eb2d6c"
  integrity sha1-lJ028sKSU12mAig1hsJHfFfrLWw=

ajv@^6.5.5:
  version "6.10.2"
  resolved "http://artifactory.eng.qops.net:8081/artifactory/api/npm/npm-virtual/ajv/-/ajv-6.10.2.tgz#d3cea04d6b017b2894ad69040fec8b623eb4bd52"
  integrity sha1-086gTWsBeyiUrWkED+yLYj60vVI=
  dependencies:
    fast-deep-equal "^2.0.1"
    fast-json-stable-stringify "^2.0.0"
    json-schema-traverse "^0.4.1"
    uri-js "^4.2.2"

array-equal@^1.0.0:
  version "1.0.0"
  resolved "http://artifactory.eng.qops.net:8081/artifactory/api/npm/npm-virtual/array-equal/-/array-equal-1.0.0.tgz#8c2a5ef2472fd9ea742b04c77a75093ba2757c93"
  integrity sha1-jCpe8kcv2ep0KwTHenUJO6J1fJM=

asn1@~0.2.3:
  version "0.2.4"
  resolved "http://artifactory.eng.qops.net:8081/artifactory/api/npm/npm-virtual/asn1/-/asn1-0.2.4.tgz#8d2475dfab553bb33e77b54e59e880bb8ce23136"
  integrity sha1-jSR136tVO7M+d7VOWeiAu4ziMTY=
  dependencies:
    safer-buffer "~2.1.0"

assert-plus@1.0.0, assert-plus@^1.0.0:
  version "1.0.0"
  resolved "http://artifactory.eng.qops.net:8081/artifactory/api/npm/npm-virtual/assert-plus/-/assert-plus-1.0.0.tgz#f12e0f3c5d77b0b1cdd9146942e4e96c1e4dd525"
  integrity sha1-8S4PPF13sLHN2RRpQuTpbB5N1SU=

async-limiter@^1.0.0:
  version "1.0.1"
  resolved "http://artifactory.eng.qops.net:8081/artifactory/api/npm/npm-virtual/async-limiter/-/async-limiter-1.0.1.tgz#dd379e94f0db8310b08291f9d64c3209766617fd"
  integrity sha1-3TeelPDbgxCwgpH51kwyCXZmF/0=

asynckit@^0.4.0:
  version "0.4.0"
  resolved "http://artifactory.eng.qops.net:8081/artifactory/api/npm/npm-virtual/asynckit/-/asynckit-0.4.0.tgz#c79ed97f7f34cb8f2ba1bc9790bcc366474b4b79"
  integrity sha1-x57Zf380y48robyXkLzDZkdLS3k=

aws-sign2@~0.7.0:
  version "0.7.0"
  resolved "http://artifactory.eng.qops.net:8081/artifactory/api/npm/npm-virtual/aws-sign2/-/aws-sign2-0.7.0.tgz#b46e890934a9591f2d2f6f86d7e6a9f1b3fe76a8"
  integrity sha1-tG6JCTSpWR8tL2+G1+ap8bP+dqg=

aws4@^1.8.0:
  version "1.8.0"
  resolved "http://artifactory.eng.qops.net:8081/artifactory/api/npm/npm-virtual/aws4/-/aws4-1.8.0.tgz#f0e003d9ca9e7f59c7a508945d7b2ef9a04a542f"
  integrity sha1-8OAD2cqef1nHpQiUXXsu+aBKVC8=

bcrypt-pbkdf@^1.0.0:
  version "1.0.2"
  resolved "http://artifactory.eng.qops.net:8081/artifactory/api/npm/npm-virtual/bcrypt-pbkdf/-/bcrypt-pbkdf-1.0.2.tgz#a4301d389b6a43f9b67ff3ca11a3f6637e360e9e"
  integrity sha1-pDAdOJtqQ/m2f/PKEaP2Y342Dp4=
  dependencies:
    tweetnacl "^0.14.3"

browser-process-hrtime@^0.1.2:
  version "0.1.3"
  resolved "http://artifactory.eng.qops.net:8081/artifactory/api/npm/npm-virtual/browser-process-hrtime/-/browser-process-hrtime-0.1.3.tgz#616f00faef1df7ec1b5bf9cfe2bdc3170f26c7b4"
  integrity sha1-YW8A+u8d9+wbW/nP4r3DFw8mx7Q=

caseless@~0.12.0:
  version "0.12.0"
  resolved "http://artifactory.eng.qops.net:8081/artifactory/api/npm/npm-virtual/caseless/-/caseless-0.12.0.tgz#1b681c21ff84033c826543090689420d187151dc"
  integrity sha1-G2gcIf+EAzyCZUMJBolCDRhxUdw=

combined-stream@^1.0.6, combined-stream@~1.0.6:
  version "1.0.8"
  resolved "http://artifactory.eng.qops.net:8081/artifactory/api/npm/npm-virtual/combined-stream/-/combined-stream-1.0.8.tgz#c3d45a8b34fd730631a110a8a2520682b31d5a7f"
  integrity sha1-w9RaizT9cwYxoRCoolIGgrMdWn8=
  dependencies:
    delayed-stream "~1.0.0"

core-util-is@1.0.2:
  version "1.0.2"
  resolved "http://artifactory.eng.qops.net:8081/artifactory/api/npm/npm-virtual/core-util-is/-/core-util-is-1.0.2.tgz#b5fd54220aa2bc5ab57aab7140c940754503c1a7"
  integrity sha1-tf1UIgqivFq1eqtxQMlAdUUDwac=

cssom@^0.4.1:
  version "0.4.2"
  resolved "http://artifactory.eng.qops.net:8081/artifactory/api/npm/npm-virtual/cssom/-/cssom-0.4.2.tgz#e2abd06e1267a7f2e5eccd7770c9ebe1bd88648b"
  integrity sha1-4qvQbhJnp/Ll7M13cMnr4b2IZIs=

cssom@~0.3.6:
  version "0.3.8"
  resolved "http://artifactory.eng.qops.net:8081/artifactory/api/npm/npm-virtual/cssom/-/cssom-0.3.8.tgz#9f1276f5b2b463f2114d3f2c75250af8c1a36f4a"
  integrity sha1-nxJ29bK0Y/IRTT8sdSUK+MGjb0o=

cssstyle@^2.0.0:
  version "2.0.0"
  resolved "http://artifactory.eng.qops.net:8081/artifactory/api/npm/npm-virtual/cssstyle/-/cssstyle-2.0.0.tgz#911f0fe25532db4f5d44afc83f89cc4b82c97fe3"
  integrity sha1-kR8P4lUy209dRK/IP4nMS4LJf+M=
  dependencies:
    cssom "~0.3.6"

dashdash@^1.12.0:
  version "1.14.1"
  resolved "http://artifactory.eng.qops.net:8081/artifactory/api/npm/npm-virtual/dashdash/-/dashdash-1.14.1.tgz#853cfa0f7cbe2fed5de20326b8dd581035f6e2f0"
  integrity sha1-hTz6D3y+L+1d4gMmuN1YEDX24vA=
  dependencies:
    assert-plus "^1.0.0"

data-urls@^1.1.0:
  version "1.1.0"
  resolved "http://artifactory.eng.qops.net:8081/artifactory/api/npm/npm-virtual/data-urls/-/data-urls-1.1.0.tgz#15ee0582baa5e22bb59c77140da8f9c76963bbfe"
  integrity sha1-Fe4Fgrql4iu1nHcUDaj5x2lju/4=
  dependencies:
    abab "^2.0.0"
    whatwg-mimetype "^2.2.0"
    whatwg-url "^7.0.0"

deep-is@~0.1.3:
  version "0.1.3"
  resolved "http://artifactory.eng.qops.net:8081/artifactory/api/npm/npm-virtual/deep-is/-/deep-is-0.1.3.tgz#b369d6fb5dbc13eecf524f91b070feedc357cf34"
  integrity sha1-s2nW+128E+7PUk+RsHD+7cNXzzQ=

delayed-stream@~1.0.0:
  version "1.0.0"
  resolved "http://artifactory.eng.qops.net:8081/artifactory/api/npm/npm-virtual/delayed-stream/-/delayed-stream-1.0.0.tgz#df3ae199acadfb7d440aaae0b29e2272b24ec619"
  integrity sha1-3zrhmayt+31ECqrgsp4icrJOxhk=

domexception@^1.0.1:
  version "1.0.1"
  resolved "http://artifactory.eng.qops.net:8081/artifactory/api/npm/npm-virtual/domexception/-/domexception-1.0.1.tgz#937442644ca6a31261ef36e3ec677fe805582c90"
  integrity sha1-k3RCZEymoxJh7zbj7Gd/6AVYLJA=
  dependencies:
    webidl-conversions "^4.0.2"

ecc-jsbn@~0.1.1:
  version "0.1.2"
  resolved "http://artifactory.eng.qops.net:8081/artifactory/api/npm/npm-virtual/ecc-jsbn/-/ecc-jsbn-0.1.2.tgz#3a83a904e54353287874c564b7549386849a98c9"
  integrity sha1-OoOpBOVDUyh4dMVkt1SThoSamMk=
  dependencies:
    jsbn "~0.1.0"
    safer-buffer "^2.1.0"

escodegen@^1.11.1:
  version "1.12.0"
  resolved "http://artifactory.eng.qops.net:8081/artifactory/api/npm/npm-virtual/escodegen/-/escodegen-1.12.0.tgz#f763daf840af172bb3a2b6dd7219c0e17f7ff541"
  integrity sha1-92Pa+ECvFyuzorbdchnA4X9/9UE=
  dependencies:
    esprima "^3.1.3"
    estraverse "^4.2.0"
    esutils "^2.0.2"
    optionator "^0.8.1"
  optionalDependencies:
    source-map "~0.6.1"

esprima@^3.1.3:
  version "3.1.3"
  resolved "http://artifactory.eng.qops.net:8081/artifactory/api/npm/npm-virtual/esprima/-/esprima-3.1.3.tgz#fdca51cee6133895e3c88d535ce49dbff62a4633"
  integrity sha1-/cpRzuYTOJXjyI1TXOSdv/YqRjM=

estraverse@^4.2.0:
  version "4.3.0"
  resolved "http://artifactory.eng.qops.net:8081/artifactory/api/npm/npm-virtual/estraverse/-/estraverse-4.3.0.tgz#398ad3f3c5a24948be7725e83d11a7de28cdbd1d"
  integrity sha1-OYrT88WiSUi+dyXoPRGn3ijNvR0=

esutils@^2.0.2:
  version "2.0.3"
  resolved "http://artifactory.eng.qops.net:8081/artifactory/api/npm/npm-virtual/esutils/-/esutils-2.0.3.tgz#74d2eb4de0b8da1293711910d50775b9b710ef64"
  integrity sha1-dNLrTeC42hKTcRkQ1Qd1ubcQ72Q=

eve@~0.5.1:
  version "0.5.4"
  resolved "http://artifactory.eng.qops.net:8081/artifactory/api/npm/npm-virtual/eve/-/eve-0.5.4.tgz#67d080b9725291d7e389e34c26860dd97f1debaa"
  integrity sha1-Z9CAuXJSkdfjieNMJoYN2X8d66o=

extend@~3.0.2:
  version "3.0.2"
  resolved "http://artifactory.eng.qops.net:8081/artifactory/api/npm/npm-virtual/extend/-/extend-3.0.2.tgz#f8b1136b4071fbd8eb140aff858b1019ec2915fa"
  integrity sha1-+LETa0Bx+9jrFAr/hYsQGewpFfo=

extsprintf@1.3.0:
  version "1.3.0"
  resolved "http://artifactory.eng.qops.net:8081/artifactory/api/npm/npm-virtual/extsprintf/-/extsprintf-1.3.0.tgz#96918440e3041a7a414f8c52e3c574eb3c3e1e05"
  integrity sha1-lpGEQOMEGnpBT4xS48V06zw+HgU=

extsprintf@^1.2.0:
  version "1.4.0"
  resolved "http://artifactory.eng.qops.net:8081/artifactory/api/npm/npm-virtual/extsprintf/-/extsprintf-1.4.0.tgz#e2689f8f356fad62cca65a3a91c5df5f9551692f"
  integrity sha1-4mifjzVvrWLMplo6kcXfX5VRaS8=

fast-deep-equal@^2.0.1:
  version "2.0.1"
  resolved "http://artifactory.eng.qops.net:8081/artifactory/api/npm/npm-virtual/fast-deep-equal/-/fast-deep-equal-2.0.1.tgz#7b05218ddf9667bf7f370bf7fdb2cb15fdd0aa49"
  integrity sha1-ewUhjd+WZ79/Nwv3/bLLFf3Qqkk=

fast-json-stable-stringify@^2.0.0:
  version "2.0.0"
  resolved "http://artifactory.eng.qops.net:8081/artifactory/api/npm/npm-virtual/fast-json-stable-stringify/-/fast-json-stable-stringify-2.0.0.tgz#d5142c0caee6b1189f87d3a76111064f86c8bbf2"
  integrity sha1-1RQsDK7msRifh9OnYREGT4bIu/I=

fast-levenshtein@~2.0.6:
  version "2.0.6"
  resolved "http://artifactory.eng.qops.net:8081/artifactory/api/npm/npm-virtual/fast-levenshtein/-/fast-levenshtein-2.0.6.tgz#3d8a5c66883a16a30ca8643e851f19baa7797917"
  integrity sha1-PYpcZog6FqMMqGQ+hR8Zuqd5eRc=

forever-agent@~0.6.1:
  version "0.6.1"
  resolved "http://artifactory.eng.qops.net:8081/artifactory/api/npm/npm-virtual/forever-agent/-/forever-agent-0.6.1.tgz#fbc71f0c41adeb37f96c577ad1ed42d8fdacca91"
  integrity sha1-+8cfDEGt6zf5bFd60e1C2P2sypE=

form-data@~2.3.2:
  version "2.3.3"
  resolved "http://artifactory.eng.qops.net:8081/artifactory/api/npm/npm-virtual/form-data/-/form-data-2.3.3.tgz#dcce52c05f644f298c6a7ab936bd724ceffbf3a6"
  integrity sha1-3M5SwF9kTymManq5Nr1yTO/786Y=
  dependencies:
    asynckit "^0.4.0"
    combined-stream "^1.0.6"
    mime-types "^2.1.12"

getpass@^0.1.1:
  version "0.1.7"
  resolved "http://artifactory.eng.qops.net:8081/artifactory/api/npm/npm-virtual/getpass/-/getpass-0.1.7.tgz#5eff8e3e684d569ae4cb2b1282604e8ba62149fa"
  integrity sha1-Xv+OPmhNVprkyysSgmBOi6YhSfo=
  dependencies:
    assert-plus "^1.0.0"

har-schema@^2.0.0:
  version "2.0.0"
  resolved "http://artifactory.eng.qops.net:8081/artifactory/api/npm/npm-virtual/har-schema/-/har-schema-2.0.0.tgz#a94c2224ebcac04782a0d9035521f24735b7ec92"
  integrity sha1-qUwiJOvKwEeCoNkDVSHyRzW37JI=

har-validator@~5.1.0:
  version "5.1.3"
  resolved "http://artifactory.eng.qops.net:8081/artifactory/api/npm/npm-virtual/har-validator/-/har-validator-5.1.3.tgz#1ef89ebd3e4996557675eed9893110dc350fa080"
  integrity sha1-HvievT5JllV2de7ZiTEQ3DUPoIA=
  dependencies:
    ajv "^6.5.5"
    har-schema "^2.0.0"

html-encoding-sniffer@^1.0.2:
  version "1.0.2"
  resolved "http://artifactory.eng.qops.net:8081/artifactory/api/npm/npm-virtual/html-encoding-sniffer/-/html-encoding-sniffer-1.0.2.tgz#e70d84b94da53aa375e11fe3a351be6642ca46f8"
  integrity sha1-5w2EuU2lOqN14R/jo1G+ZkLKRvg=
  dependencies:
    whatwg-encoding "^1.0.1"

http-signature@~1.2.0:
  version "1.2.0"
  resolved "http://artifactory.eng.qops.net:8081/artifactory/api/npm/npm-virtual/http-signature/-/http-signature-1.2.0.tgz#9aecd925114772f3d95b65a60abb8f7c18fbace1"
  integrity sha1-muzZJRFHcvPZW2WmCruPfBj7rOE=
  dependencies:
    assert-plus "^1.0.0"
    jsprim "^1.2.2"
    sshpk "^1.7.0"

iconv-lite@0.4.24:
  version "0.4.24"
  resolved "http://artifactory.eng.qops.net:8081/artifactory/api/npm/npm-virtual/iconv-lite/-/iconv-lite-0.4.24.tgz#2022b4b25fbddc21d2f524974a474aafe733908b"
  integrity sha1-ICK0sl+93CHS9SSXSkdKr+czkIs=
  dependencies:
    safer-buffer ">= 2.1.2 < 3"

ip-regex@^2.1.0:
  version "2.1.0"
  resolved "http://artifactory.eng.qops.net:8081/artifactory/api/npm/npm-virtual/ip-regex/-/ip-regex-2.1.0.tgz#fa78bf5d2e6913c911ce9f819ee5146bb6d844e9"
  integrity sha1-+ni/XS5pE8kRzp+BnuUUa7bYROk=

is-typedarray@~1.0.0:
  version "1.0.0"
  resolved "http://artifactory.eng.qops.net:8081/artifactory/api/npm/npm-virtual/is-typedarray/-/is-typedarray-1.0.0.tgz#e479c80858df0c1b11ddda6940f96011fcda4a9a"
  integrity sha1-5HnICFjfDBsR3dppQPlgEfzaSpo=

isstream@~0.1.2:
  version "0.1.2"
  resolved "http://artifactory.eng.qops.net:8081/artifactory/api/npm/npm-virtual/isstream/-/isstream-0.1.2.tgz#47e63f7af55afa6f92e1500e690eb8b8529c099a"
  integrity sha1-R+Y/evVa+m+S4VAOaQ64uFKcCZo=

jsbn@~0.1.0:
  version "0.1.1"
  resolved "http://artifactory.eng.qops.net:8081/artifactory/api/npm/npm-virtual/jsbn/-/jsbn-0.1.1.tgz#a5e654c2e5a2deb5f201d96cefbca80c0ef2f513"
  integrity sha1-peZUwuWi3rXyAdls77yoDA7y9RM=

jsdom@^15.2.1:
  version "15.2.1"
  resolved "http://artifactory.eng.qops.net:8081/artifactory/api/npm/npm-virtual/jsdom/-/jsdom-15.2.1.tgz#d2feb1aef7183f86be521b8c6833ff5296d07ec5"
  integrity sha1-0v6xrvcYP4a+UhuMaDP/UpbQfsU=
  dependencies:
    abab "^2.0.0"
    acorn "^7.1.0"
    acorn-globals "^4.3.2"
    array-equal "^1.0.0"
    cssom "^0.4.1"
    cssstyle "^2.0.0"
    data-urls "^1.1.0"
    domexception "^1.0.1"
    escodegen "^1.11.1"
    html-encoding-sniffer "^1.0.2"
    nwsapi "^2.2.0"
    parse5 "5.1.0"
    pn "^1.1.0"
    request "^2.88.0"
    request-promise-native "^1.0.7"
    saxes "^3.1.9"
    symbol-tree "^3.2.2"
    tough-cookie "^3.0.1"
    w3c-hr-time "^1.0.1"
    w3c-xmlserializer "^1.1.2"
    webidl-conversions "^4.0.2"
    whatwg-encoding "^1.0.5"
    whatwg-mimetype "^2.3.0"
    whatwg-url "^7.0.0"
    ws "^7.0.0"
    xml-name-validator "^3.0.0"

json-schema-traverse@^0.4.1:
  version "0.4.1"
  resolved "http://artifactory.eng.qops.net:8081/artifactory/api/npm/npm-virtual/json-schema-traverse/-/json-schema-traverse-0.4.1.tgz#69f6a87d9513ab8bb8fe63bdb0979c448e684660"
  integrity sha1-afaofZUTq4u4/mO9sJecRI5oRmA=

json-schema@0.2.3:
  version "0.2.3"
  resolved "http://artifactory.eng.qops.net:8081/artifactory/api/npm/npm-virtual/json-schema/-/json-schema-0.2.3.tgz#b480c892e59a2f05954ce727bd3f2a4e882f9e13"
  integrity sha1-tIDIkuWaLwWVTOcnvT8qTogvnhM=

json-stringify-safe@~5.0.1:
  version "5.0.1"
  resolved "http://artifactory.eng.qops.net:8081/artifactory/api/npm/npm-virtual/json-stringify-safe/-/json-stringify-safe-5.0.1.tgz#1296a2d58fd45f19a0f6ce01d65701e2c735b6eb"
  integrity sha1-Epai1Y/UXxmg9s4B1lcB4sc1tus=

jsprim@^1.2.2:
  version "1.4.1"
  resolved "http://artifactory.eng.qops.net:8081/artifactory/api/npm/npm-virtual/jsprim/-/jsprim-1.4.1.tgz#313e66bc1e5cc06e438bc1b7499c2e5c56acb6a2"
  integrity sha1-MT5mvB5cwG5Di8G3SZwuXFastqI=
  dependencies:
    assert-plus "1.0.0"
    extsprintf "1.3.0"
    json-schema "0.2.3"
    verror "1.10.0"

levn@~0.3.0:
  version "0.3.0"
  resolved "http://artifactory.eng.qops.net:8081/artifactory/api/npm/npm-virtual/levn/-/levn-0.3.0.tgz#3b09924edf9f083c0490fdd4c0bc4421e04764ee"
  integrity sha1-OwmSTt+fCDwEkP3UwLxEIeBHZO4=
  dependencies:
    prelude-ls "~1.1.2"
    type-check "~0.3.2"

lodash.sortby@^4.7.0:
  version "4.7.0"
  resolved "http://artifactory.eng.qops.net:8081/artifactory/api/npm/npm-virtual/lodash.sortby/-/lodash.sortby-4.7.0.tgz#edd14c824e2cc9c1e0b0a1b42bb5210516a42438"
  integrity sha1-7dFMgk4sycHgsKG0K7UhBRakJDg=

lodash@^4.17.15:
  version "4.17.15"
  resolved "http://artifactory.eng.qops.net:8081/artifactory/api/npm/npm-virtual/lodash/-/lodash-4.17.15.tgz#b447f6670a0455bbfeedd11392eff330ea097548"
  integrity sha1-tEf2ZwoEVbv+7dETku/zMOoJdUg=

mime-db@1.40.0:
  version "1.40.0"
  resolved "http://artifactory.eng.qops.net:8081/artifactory/api/npm/npm-virtual/mime-db/-/mime-db-1.40.0.tgz#a65057e998db090f732a68f6c276d387d4126c32"
  integrity sha1-plBX6ZjbCQ9zKmj2wnbTh9QSbDI=

mime-types@^2.1.12, mime-types@~2.1.19:
  version "2.1.24"
  resolved "http://artifactory.eng.qops.net:8081/artifactory/api/npm/npm-virtual/mime-types/-/mime-types-2.1.24.tgz#b6f8d0b3e951efb77dedeca194cff6d16f676f81"
  integrity sha1-tvjQs+lR77d97eyhlM/20W9nb4E=
  dependencies:
    mime-db "1.40.0"

minimist@^1.2.0:
  version "1.2.0"
  resolved "https://registry.yarnpkg.com/minimist/-/minimist-1.2.0.tgz#a35008b20f41383eec1fb914f4cd5df79a264284"
  integrity sha1-o1AIsg9BOD7sH7kU9M1d95omQoQ=

nwsapi@^2.2.0:
  version "2.2.0"
  resolved "http://artifactory.eng.qops.net:8081/artifactory/api/npm/npm-virtual/nwsapi/-/nwsapi-2.2.0.tgz#204879a9e3d068ff2a55139c2c772780681a38b7"
  integrity sha1-IEh5qePQaP8qVROcLHcngGgaOLc=

oauth-sign@~0.9.0:
  version "0.9.0"
  resolved "http://artifactory.eng.qops.net:8081/artifactory/api/npm/npm-virtual/oauth-sign/-/oauth-sign-0.9.0.tgz#47a7b016baa68b5fa0ecf3dee08a85c679ac6455"
  integrity sha1-R6ewFrqmi1+g7PPe4IqFxnmsZFU=

optionator@^0.8.1:
  version "0.8.3"
  resolved "http://artifactory.eng.qops.net:8081/artifactory/api/npm/npm-virtual/optionator/-/optionator-0.8.3.tgz#84fa1d036fe9d3c7e21d99884b601167ec8fb495"
  integrity sha1-hPodA2/p08fiHZmIS2ARZ+yPtJU=
  dependencies:
    deep-is "~0.1.3"
    fast-levenshtein "~2.0.6"
    levn "~0.3.0"
    prelude-ls "~1.1.2"
    type-check "~0.3.2"
    word-wrap "~1.2.3"

parse5@5.1.0:
  version "5.1.0"
  resolved "http://artifactory.eng.qops.net:8081/artifactory/api/npm/npm-virtual/parse5/-/parse5-5.1.0.tgz#c59341c9723f414c452975564c7c00a68d58acd2"
  integrity sha1-xZNByXI/QUxFKXVWTHwApo1YrNI=

performance-now@^2.1.0:
  version "2.1.0"
  resolved "http://artifactory.eng.qops.net:8081/artifactory/api/npm/npm-virtual/performance-now/-/performance-now-2.1.0.tgz#6309f4e0e5fa913ec1c69307ae364b4b377c9e7b"
  integrity sha1-Ywn04OX6kT7BxpMHrjZLSzd8nns=

pn@^1.1.0:
  version "1.1.0"
  resolved "http://artifactory.eng.qops.net:8081/artifactory/api/npm/npm-virtual/pn/-/pn-1.1.0.tgz#e2f4cef0e219f463c179ab37463e4e1ecdccbafb"
  integrity sha1-4vTO8OIZ9GPBeas3Rj5OHs3Muvs=

prelude-ls@~1.1.2:
  version "1.1.2"
  resolved "http://artifactory.eng.qops.net:8081/artifactory/api/npm/npm-virtual/prelude-ls/-/prelude-ls-1.1.2.tgz#21932a549f5e52ffd9a827f570e04be62a97da54"
  integrity sha1-IZMqVJ9eUv/ZqCf1cOBL5iqX2lQ=

psl@^1.1.24, psl@^1.1.28:
  version "1.4.0"
  resolved "http://artifactory.eng.qops.net:8081/artifactory/api/npm/npm-virtual/psl/-/psl-1.4.0.tgz#5dd26156cdb69fa1fdb8ab1991667d3f80ced7c2"
  integrity sha1-XdJhVs22n6H9uKsZkWZ9P4DO18I=

punycode@^1.4.1:
  version "1.4.1"
  resolved "http://artifactory.eng.qops.net:8081/artifactory/api/npm/npm-virtual/punycode/-/punycode-1.4.1.tgz#c0d5a63b2718800ad8e1eb0fa5269c84dd41845e"
  integrity sha1-wNWmOycYgArY4esPpSachN1BhF4=

punycode@^2.1.0, punycode@^2.1.1:
  version "2.1.1"
  resolved "http://artifactory.eng.qops.net:8081/artifactory/api/npm/npm-virtual/punycode/-/punycode-2.1.1.tgz#b58b010ac40c22c5657616c8d2c2c02c7bf479ec"
  integrity sha1-tYsBCsQMIsVldhbI0sLALHv0eew=

qs@~6.5.2:
  version "6.5.2"
  resolved "http://artifactory.eng.qops.net:8081/artifactory/api/npm/npm-virtual/qs/-/qs-6.5.2.tgz#cb3ae806e8740444584ef154ce8ee98d403f3e36"
  integrity sha1-yzroBuh0BERYTvFUzo7pjUA/PjY=

request-promise-core@1.1.3:
  version "1.1.3"
  resolved "http://artifactory.eng.qops.net:8081/artifactory/api/npm/npm-virtual/request-promise-core/-/request-promise-core-1.1.3.tgz#e9a3c081b51380dfea677336061fea879a829ee9"
  integrity sha1-6aPAgbUTgN/qZ3M2Bh/qh5qCnuk=
  dependencies:
    lodash "^4.17.15"

request-promise-native@^1.0.7:
  version "1.0.8"
  resolved "http://artifactory.eng.qops.net:8081/artifactory/api/npm/npm-virtual/request-promise-native/-/request-promise-native-1.0.8.tgz#a455b960b826e44e2bf8999af64dff2bfe58cb36"
  integrity sha1-pFW5YLgm5E4r+Jma9k3/K/5YyzY=
  dependencies:
    request-promise-core "1.1.3"
    stealthy-require "^1.1.1"
    tough-cookie "^2.3.3"

request@^2.88.0:
  version "2.88.0"
  resolved "http://artifactory.eng.qops.net:8081/artifactory/api/npm/npm-virtual/request/-/request-2.88.0.tgz#9c2fca4f7d35b592efe57c7f0a55e81052124fef"
  integrity sha1-nC/KT301tZLv5Xx/ClXoEFIST+8=
  dependencies:
    aws-sign2 "~0.7.0"
    aws4 "^1.8.0"
    caseless "~0.12.0"
    combined-stream "~1.0.6"
    extend "~3.0.2"
    forever-agent "~0.6.1"
    form-data "~2.3.2"
    har-validator "~5.1.0"
    http-signature "~1.2.0"
    is-typedarray "~1.0.0"
    isstream "~0.1.2"
    json-stringify-safe "~5.0.1"
    mime-types "~2.1.19"
    oauth-sign "~0.9.0"
    performance-now "^2.1.0"
    qs "~6.5.2"
    safe-buffer "^5.1.2"
    tough-cookie "~2.4.3"
    tunnel-agent "^0.6.0"
    uuid "^3.3.2"

safe-buffer@^5.0.1, safe-buffer@^5.1.2:
  version "5.2.0"
  resolved "http://artifactory.eng.qops.net:8081/artifactory/api/npm/npm-virtual/safe-buffer/-/safe-buffer-5.2.0.tgz#b74daec49b1148f88c64b68d49b1e815c1f2f519"
  integrity sha1-t02uxJsRSPiMZLaNSbHoFcHy9Rk=

"safer-buffer@>= 2.1.2 < 3", safer-buffer@^2.0.2, safer-buffer@^2.1.0, safer-buffer@~2.1.0:
  version "2.1.2"
  resolved "http://artifactory.eng.qops.net:8081/artifactory/api/npm/npm-virtual/safer-buffer/-/safer-buffer-2.1.2.tgz#44fa161b0187b9549dd84bb91802f9bd8385cd6a"
  integrity sha1-RPoWGwGHuVSd2Eu5GAL5vYOFzWo=

saxes@^3.1.9:
  version "3.1.11"
  resolved "http://artifactory.eng.qops.net:8081/artifactory/api/npm/npm-virtual/saxes/-/saxes-3.1.11.tgz#d59d1fd332ec92ad98a2e0b2ee644702384b1c5b"
  integrity sha1-1Z0f0zLskq2YouCy7mRHAjhLHFs=
  dependencies:
    xmlchars "^2.1.1"

snapsvg@^0.5.1:
  version "0.5.1"
  resolved "http://artifactory.eng.qops.net:8081/artifactory/api/npm/npm-virtual/snapsvg/-/snapsvg-0.5.1.tgz#0caf52c79189a290746fc446cc5e863f6bdddfe3"
  integrity sha1-DK9Sx5GJopB0b8RGzF6GP2vd3+M=
  dependencies:
    eve "~0.5.1"

source-map@~0.6.1:
  version "0.6.1"
  resolved "http://artifactory.eng.qops.net:8081/artifactory/api/npm/npm-virtual/source-map/-/source-map-0.6.1.tgz#74722af32e9614e9c287a8d0bbde48b5e2f1a263"
  integrity sha1-dHIq8y6WFOnCh6jQu95IteLxomM=

sshpk@^1.7.0:
  version "1.16.1"
  resolved "http://artifactory.eng.qops.net:8081/artifactory/api/npm/npm-virtual/sshpk/-/sshpk-1.16.1.tgz#fb661c0bef29b39db40769ee39fa70093d6f6877"
  integrity sha1-+2YcC+8ps520B2nuOfpwCT1vaHc=
  dependencies:
    asn1 "~0.2.3"
    assert-plus "^1.0.0"
    bcrypt-pbkdf "^1.0.0"
    dashdash "^1.12.0"
    ecc-jsbn "~0.1.1"
    getpass "^0.1.1"
    jsbn "~0.1.0"
    safer-buffer "^2.0.2"
    tweetnacl "~0.14.0"

stealthy-require@^1.1.1:
  version "1.1.1"
  resolved "http://artifactory.eng.qops.net:8081/artifactory/api/npm/npm-virtual/stealthy-require/-/stealthy-require-1.1.1.tgz#35b09875b4ff49f26a777e509b3090a3226bf24b"
  integrity sha1-NbCYdbT/SfJqd35QmzCQoyJr8ks=

symbol-tree@^3.2.2:
  version "3.2.4"
  resolved "http://artifactory.eng.qops.net:8081/artifactory/api/npm/npm-virtual/symbol-tree/-/symbol-tree-3.2.4.tgz#430637d248ba77e078883951fb9aa0eed7c63fa2"
  integrity sha1-QwY30ki6d+B4iDlR+5qg7tfGP6I=

tough-cookie@^2.3.3:
  version "2.5.0"
  resolved "http://artifactory.eng.qops.net:8081/artifactory/api/npm/npm-virtual/tough-cookie/-/tough-cookie-2.5.0.tgz#cd9fb2a0aa1d5a12b473bd9fb96fa3dcff65ade2"
  integrity sha1-zZ+yoKodWhK0c72fuW+j3P9lreI=
  dependencies:
    psl "^1.1.28"
    punycode "^2.1.1"

tough-cookie@^3.0.1:
  version "3.0.1"
  resolved "http://artifactory.eng.qops.net:8081/artifactory/api/npm/npm-virtual/tough-cookie/-/tough-cookie-3.0.1.tgz#9df4f57e739c26930a018184887f4adb7dca73b2"
  integrity sha1-nfT1fnOcJpMKAYGEiH9K233Kc7I=
  dependencies:
    ip-regex "^2.1.0"
    psl "^1.1.28"
    punycode "^2.1.1"

tough-cookie@~2.4.3:
  version "2.4.3"
  resolved "http://artifactory.eng.qops.net:8081/artifactory/api/npm/npm-virtual/tough-cookie/-/tough-cookie-2.4.3.tgz#53f36da3f47783b0925afa06ff9f3b165280f781"
  integrity sha1-U/Nto/R3g7CSWvoG/587FlKA94E=
  dependencies:
    psl "^1.1.24"
    punycode "^1.4.1"

tr46@^1.0.1:
  version "1.0.1"
  resolved "http://artifactory.eng.qops.net:8081/artifactory/api/npm/npm-virtual/tr46/-/tr46-1.0.1.tgz#a8b13fd6bfd2489519674ccde55ba3693b706d09"
  integrity sha1-qLE/1r/SSJUZZ0zN5VujaTtwbQk=
  dependencies:
    punycode "^2.1.0"

tunnel-agent@^0.6.0:
  version "0.6.0"
  resolved "http://artifactory.eng.qops.net:8081/artifactory/api/npm/npm-virtual/tunnel-agent/-/tunnel-agent-0.6.0.tgz#27a5dea06b36b04a0a9966774b290868f0fc40fd"
  integrity sha1-J6XeoGs2sEoKmWZ3SykIaPD8QP0=
  dependencies:
    safe-buffer "^5.0.1"

tweetnacl@^0.14.3, tweetnacl@~0.14.0:
  version "0.14.5"
  resolved "http://artifactory.eng.qops.net:8081/artifactory/api/npm/npm-virtual/tweetnacl/-/tweetnacl-0.14.5.tgz#5ae68177f192d4456269d108afa93ff8743f4f64"
  integrity sha1-WuaBd/GS1EViadEIr6k/+HQ/T2Q=

type-check@~0.3.2:
  version "0.3.2"
  resolved "http://artifactory.eng.qops.net:8081/artifactory/api/npm/npm-virtual/type-check/-/type-check-0.3.2.tgz#5884cab512cf1d355e3fb784f30804b2b520db72"
  integrity sha1-WITKtRLPHTVeP7eE8wgEsrUg23I=
  dependencies:
    prelude-ls "~1.1.2"

uri-js@^4.2.2:
  version "4.2.2"
  resolved "http://artifactory.eng.qops.net:8081/artifactory/api/npm/npm-virtual/uri-js/-/uri-js-4.2.2.tgz#94c540e1ff772956e2299507c010aea6c8838eb0"
  integrity sha1-lMVA4f93KVbiKZUHwBCupsiDjrA=
  dependencies:
    punycode "^2.1.0"

uuid@^3.3.2:
  version "3.3.3"
  resolved "http://artifactory.eng.qops.net:8081/artifactory/api/npm/npm-virtual/uuid/-/uuid-3.3.3.tgz#4568f0216e78760ee1dbf3a4d2cf53e224112866"
  integrity sha1-RWjwIW54dg7h2/Ok0s9T4iQRKGY=

verror@1.10.0:
  version "1.10.0"
  resolved "http://artifactory.eng.qops.net:8081/artifactory/api/npm/npm-virtual/verror/-/verror-1.10.0.tgz#3a105ca17053af55d6e270c1f8288682e18da400"
  integrity sha1-OhBcoXBTr1XW4nDB+CiGguGNpAA=
  dependencies:
    assert-plus "^1.0.0"
    core-util-is "1.0.2"
    extsprintf "^1.2.0"

w3c-hr-time@^1.0.1:
  version "1.0.1"
  resolved "http://artifactory.eng.qops.net:8081/artifactory/api/npm/npm-virtual/w3c-hr-time/-/w3c-hr-time-1.0.1.tgz#82ac2bff63d950ea9e3189a58a65625fedf19045"
  integrity sha1-gqwr/2PZUOqeMYmlimViX+3xkEU=
  dependencies:
    browser-process-hrtime "^0.1.2"

w3c-xmlserializer@^1.1.2:
  version "1.1.2"
  resolved "http://artifactory.eng.qops.net:8081/artifactory/api/npm/npm-virtual/w3c-xmlserializer/-/w3c-xmlserializer-1.1.2.tgz#30485ca7d70a6fd052420a3d12fd90e6339ce794"
  integrity sha1-MEhcp9cKb9BSQgo9Ev2Q5jOc55Q=
  dependencies:
    domexception "^1.0.1"
    webidl-conversions "^4.0.2"
    xml-name-validator "^3.0.0"

webidl-conversions@^4.0.2:
  version "4.0.2"
  resolved "http://artifactory.eng.qops.net:8081/artifactory/api/npm/npm-virtual/webidl-conversions/-/webidl-conversions-4.0.2.tgz#a855980b1f0b6b359ba1d5d9fb39ae941faa63ad"
  integrity sha1-qFWYCx8LazWbodXZ+zmulB+qY60=

whatwg-encoding@^1.0.1, whatwg-encoding@^1.0.5:
  version "1.0.5"
  resolved "http://artifactory.eng.qops.net:8081/artifactory/api/npm/npm-virtual/whatwg-encoding/-/whatwg-encoding-1.0.5.tgz#5abacf777c32166a51d085d6b4f3e7d27113ddb0"
  integrity sha1-WrrPd3wyFmpR0IXWtPPn0nET3bA=
  dependencies:
    iconv-lite "0.4.24"

whatwg-mimetype@^2.2.0, whatwg-mimetype@^2.3.0:
  version "2.3.0"
  resolved "http://artifactory.eng.qops.net:8081/artifactory/api/npm/npm-virtual/whatwg-mimetype/-/whatwg-mimetype-2.3.0.tgz#3d4b1e0312d2079879f826aff18dbeeca5960fbf"
  integrity sha1-PUseAxLSB5h5+Cav8Y2+7KWWD78=

whatwg-url@^7.0.0:
  version "7.1.0"
  resolved "http://artifactory.eng.qops.net:8081/artifactory/api/npm/npm-virtual/whatwg-url/-/whatwg-url-7.1.0.tgz#c2c492f1eca612988efd3d2266be1b9fc6170d06"
  integrity sha1-wsSS8eymEpiO/T0iZr4bn8YXDQY=
  dependencies:
    lodash.sortby "^4.7.0"
    tr46 "^1.0.1"
    webidl-conversions "^4.0.2"

word-wrap@~1.2.3:
  version "1.2.3"
  resolved "http://artifactory.eng.qops.net:8081/artifactory/api/npm/npm-virtual/word-wrap/-/word-wrap-1.2.3.tgz#610636f6b1f703891bd34771ccb17fb93b47079c"
  integrity sha1-YQY29rH3A4kb00dxzLF/uTtHB5w=

ws@^7.0.0:
  version "7.2.0"
  resolved "http://artifactory.eng.qops.net:8081/artifactory/api/npm/npm-virtual/ws/-/ws-7.2.0.tgz#422eda8c02a4b5dba7744ba66eebbd84bcef0ec7"
  integrity sha1-Qi7ajAKktdundEumbuu9hLzvDsc=
  dependencies:
    async-limiter "^1.0.0"

xml-name-validator@^3.0.0:
  version "3.0.0"
  resolved "http://artifactory.eng.qops.net:8081/artifactory/api/npm/npm-virtual/xml-name-validator/-/xml-name-validator-3.0.0.tgz#6ae73e06de4d8c6e47f9fb181f78d648ad457c6a"
  integrity sha1-auc+Bt5NjG5H+fsYH3jWSK1FfGo=

xmlchars@^2.1.1:
  version "2.2.0"
  resolved "http://artifactory.eng.qops.net:8081/artifactory/api/npm/npm-virtual/xmlchars/-/xmlchars-2.2.0.tgz#060fe1bcb7f9c76fe2a17db86a9bc3ab894210cb"
  integrity sha1-Bg/hvLf5x2/ioX24apvDq4lCEMs=
